// !$*UTF8*$!
{
	archiveVersion = 1;
	classes = {
	};
	objectVersion = 56;
	objects = {

/* Begin PBXBuildFile section */
		DD061D682A136F69003DFE73 /* RandomuserApp.swift in Sources */ = {isa = PBXBuildFile; fileRef = DD061D672A136F69003DFE73 /* RandomuserApp.swift */; };
		DD061D6A2A136F69003DFE73 /* PhotoView.swift in Sources */ = {isa = PBXBuildFile; fileRef = DD061D692A136F69003DFE73 /* PhotoView.swift */; };
		DD061D6C2A136F6B003DFE73 /* Assets.xcassets in Resources */ = {isa = PBXBuildFile; fileRef = DD061D6B2A136F6B003DFE73 /* Assets.xcassets */; };
		DD061D6F2A136F6B003DFE73 /* Preview Assets.xcassets in Resources */ = {isa = PBXBuildFile; fileRef = DD061D6E2A136F6B003DFE73 /* Preview Assets.xcassets */; };
		DD061D7A2A1374B5003DFE73 /* Alamofire in Frameworks */ = {isa = PBXBuildFile; productRef = DD061D792A1374B5003DFE73 /* Alamofire */; };
		DD061D7E2A137525003DFE73 /* NetworkServiceAF.swift in Sources */ = {isa = PBXBuildFile; fileRef = DD061D7D2A137525003DFE73 /* NetworkServiceAF.swift */; };
		DD061D832A13763A003DFE73 /* User.swift in Sources */ = {isa = PBXBuildFile; fileRef = DD061D822A13763A003DFE73 /* User.swift */; };
		DD061D882A137D45003DFE73 /* SwiftyJSON in Frameworks */ = {isa = PBXBuildFile; productRef = DD061D872A137D45003DFE73 /* SwiftyJSON */; };
		DD061D8A2A137E24003DFE73 /* ParsingService.swift in Sources */ = {isa = PBXBuildFile; fileRef = DD061D892A137E24003DFE73 /* ParsingService.swift */; };
		DD061D8C2A14AE34003DFE73 /* PhotoViewModel.swift in Sources */ = {isa = PBXBuildFile; fileRef = DD061D8B2A14AE34003DFE73 /* PhotoViewModel.swift */; };
		DD061D8F2A14F545003DFE73 /* BigImageView.swift in Sources */ = {isa = PBXBuildFile; fileRef = DD061D8E2A14F545003DFE73 /* BigImageView.swift */; };
		DD061D932A14F5A9003DFE73 /* BigImageViewModel.swift in Sources */ = {isa = PBXBuildFile; fileRef = DD061D922A14F5A9003DFE73 /* BigImageViewModel.swift */; };
		DD061D952A151756003DFE73 /* ProfileView.swift in Sources */ = {isa = PBXBuildFile; fileRef = DD061D942A151756003DFE73 /* ProfileView.swift */; };
		DD061D972A151779003DFE73 /* ProfileViewModel.swift in Sources */ = {isa = PBXBuildFile; fileRef = DD061D962A151779003DFE73 /* ProfileViewModel.swift */; };
		DD061D9A2A16154C003DFE73 /* ConfirmationDialogElement.swift in Sources */ = {isa = PBXBuildFile; fileRef = DD061D992A16154C003DFE73 /* ConfirmationDialogElement.swift */; };
		DD061D9C2A161902003DFE73 /* AlertElement.swift in Sources */ = {isa = PBXBuildFile; fileRef = DD061D9B2A161902003DFE73 /* AlertElement.swift */; };
/* End PBXBuildFile section */

/* Begin PBXFileReference section */
		DD061D642A136F69003DFE73 /* Randomuser.app */ = {isa = PBXFileReference; explicitFileType = wrapper.application; includeInIndex = 0; path = Randomuser.app; sourceTree = BUILT_PRODUCTS_DIR; };
		DD061D672A136F69003DFE73 /* RandomuserApp.swift */ = {isa = PBXFileReference; lastKnownFileType = sourcecode.swift; path = RandomuserApp.swift; sourceTree = "<group>"; };
		DD061D692A136F69003DFE73 /* PhotoView.swift */ = {isa = PBXFileReference; lastKnownFileType = sourcecode.swift; path = PhotoView.swift; sourceTree = "<group>"; };
		DD061D6B2A136F6B003DFE73 /* Assets.xcassets */ = {isa = PBXFileReference; lastKnownFileType = folder.assetcatalog; path = Assets.xcassets; sourceTree = "<group>"; };
		DD061D6E2A136F6B003DFE73 /* Preview Assets.xcassets */ = {isa = PBXFileReference; lastKnownFileType = folder.assetcatalog; path = "Preview Assets.xcassets"; sourceTree = "<group>"; };
		DD061D7D2A137525003DFE73 /* NetworkServiceAF.swift */ = {isa = PBXFileReference; lastKnownFileType = sourcecode.swift; path = NetworkServiceAF.swift; sourceTree = "<group>"; };
		DD061D822A13763A003DFE73 /* User.swift */ = {isa = PBXFileReference; lastKnownFileType = sourcecode.swift; path = User.swift; sourceTree = "<group>"; };
		DD061D892A137E24003DFE73 /* ParsingService.swift */ = {isa = PBXFileReference; lastKnownFileType = sourcecode.swift; path = ParsingService.swift; sourceTree = "<group>"; };
		DD061D8B2A14AE34003DFE73 /* PhotoViewModel.swift */ = {isa = PBXFileReference; lastKnownFileType = sourcecode.swift; path = PhotoViewModel.swift; sourceTree = "<group>"; };
		DD061D8E2A14F545003DFE73 /* BigImageView.swift */ = {isa = PBXFileReference; lastKnownFileType = sourcecode.swift; path = BigImageView.swift; sourceTree = "<group>"; };
		DD061D922A14F5A9003DFE73 /* BigImageViewModel.swift */ = {isa = PBXFileReference; lastKnownFileType = sourcecode.swift; path = BigImageViewModel.swift; sourceTree = "<group>"; };
		DD061D942A151756003DFE73 /* ProfileView.swift */ = {isa = PBXFileReference; lastKnownFileType = sourcecode.swift; path = ProfileView.swift; sourceTree = "<group>"; };
		DD061D962A151779003DFE73 /* ProfileViewModel.swift */ = {isa = PBXFileReference; lastKnownFileType = sourcecode.swift; path = ProfileViewModel.swift; sourceTree = "<group>"; };
		DD061D992A16154C003DFE73 /* ConfirmationDialogElement.swift */ = {isa = PBXFileReference; lastKnownFileType = sourcecode.swift; path = ConfirmationDialogElement.swift; sourceTree = "<group>"; };
		DD061D9B2A161902003DFE73 /* AlertElement.swift */ = {isa = PBXFileReference; lastKnownFileType = sourcecode.swift; path = AlertElement.swift; sourceTree = "<group>"; };
/* End PBXFileReference section */

/* Begin PBXFrameworksBuildPhase section */
		DD061D612A136F69003DFE73 /* Frameworks */ = {
			isa = PBXFrameworksBuildPhase;
			buildActionMask = 2147483647;
			files = (
				DD061D882A137D45003DFE73 /* SwiftyJSON in Frameworks */,
				DD061D7A2A1374B5003DFE73 /* Alamofire in Frameworks */,
			);
			runOnlyForDeploymentPostprocessing = 0;
		};
/* End PBXFrameworksBuildPhase section */

/* Begin PBXGroup section */
		DD061D5B2A136F69003DFE73 = {
			isa = PBXGroup;
			children = (
				DD061D662A136F69003DFE73 /* Randomuser */,
				DD061D652A136F69003DFE73 /* Products */,
			);
			sourceTree = "<group>";
		};
		DD061D652A136F69003DFE73 /* Products */ = {
			isa = PBXGroup;
			children = (
				DD061D642A136F69003DFE73 /* Randomuser.app */,
			);
			name = Products;
			sourceTree = "<group>";
		};
		DD061D662A136F69003DFE73 /* Randomuser */ = {
			isa = PBXGroup;
			children = (
				DD061D752A137019003DFE73 /* Application */,
				DD061D812A1375C7003DFE73 /* Model */,
				DD061D772A137055003DFE73 /* View */,
				DD061D8D2A14B334003DFE73 /* ViewModel */,
				DD061D7B2A1374E0003DFE73 /* Services */,
				DD061D762A137030003DFE73 /* Supporting files */,
				DD061D6D2A136F6B003DFE73 /* Preview Content */,
			);
			path = Randomuser;
			sourceTree = "<group>";
		};
		DD061D6D2A136F6B003DFE73 /* Preview Content */ = {
			isa = PBXGroup;
			children = (
				DD061D6E2A136F6B003DFE73 /* Preview Assets.xcassets */,
			);
			path = "Preview Content";
			sourceTree = "<group>";
		};
		DD061D752A137019003DFE73 /* Application */ = {
			isa = PBXGroup;
			children = (
				DD061D672A136F69003DFE73 /* RandomuserApp.swift */,
			);
			path = Application;
			sourceTree = "<group>";
		};
		DD061D762A137030003DFE73 /* Supporting files */ = {
			isa = PBXGroup;
			children = (
				DD061D6B2A136F6B003DFE73 /* Assets.xcassets */,
			);
			path = "Supporting files";
			sourceTree = "<group>";
		};
		DD061D772A137055003DFE73 /* View */ = {
			isa = PBXGroup;
			children = (
				DD061D692A136F69003DFE73 /* PhotoView.swift */,
				DD061D942A151756003DFE73 /* ProfileView.swift */,
				DD061D902A14F58B003DFE73 /* Components */,
				DD061D982A161503003DFE73 /* Modifiers */,
			);
			path = View;
			sourceTree = "<group>";
		};
		DD061D7B2A1374E0003DFE73 /* Services */ = {
			isa = PBXGroup;
			children = (
				DD061D7C2A137501003DFE73 /* Networking */,
			);
			path = Services;
			sourceTree = "<group>";
		};
		DD061D7C2A137501003DFE73 /* Networking */ = {
			isa = PBXGroup;
			children = (
				DD061D7D2A137525003DFE73 /* NetworkServiceAF.swift */,
				DD061D892A137E24003DFE73 /* ParsingService.swift */,
			);
			path = Networking;
			sourceTree = "<group>";
		};
		DD061D812A1375C7003DFE73 /* Model */ = {
			isa = PBXGroup;
			children = (
				DD061D822A13763A003DFE73 /* User.swift */,
			);
			path = Model;
			sourceTree = "<group>";
		};
		DD061D8D2A14B334003DFE73 /* ViewModel */ = {
			isa = PBXGroup;
			children = (
				DD061D8B2A14AE34003DFE73 /* PhotoViewModel.swift */,
				DD061D962A151779003DFE73 /* ProfileViewModel.swift */,
				DD061D912A14F593003DFE73 /* Components */,
			);
			path = ViewModel;
			sourceTree = "<group>";
		};
		DD061D902A14F58B003DFE73 /* Components */ = {
			isa = PBXGroup;
			children = (
				DD061D8E2A14F545003DFE73 /* BigImageView.swift */,
			);
			path = Components;
			sourceTree = "<group>";
		};
		DD061D912A14F593003DFE73 /* Components */ = {
			isa = PBXGroup;
			children = (
				DD061D922A14F5A9003DFE73 /* BigImageViewModel.swift */,
			);
			path = Components;
			sourceTree = "<group>";
		};
		DD061D982A161503003DFE73 /* Modifiers */ = {
			isa = PBXGroup;
			children = (
				DD061D992A16154C003DFE73 /* ConfirmationDialogElement.swift */,
				DD061D9B2A161902003DFE73 /* AlertElement.swift */,
			);
			path = Modifiers;
			sourceTree = "<group>";
		};
/* End PBXGroup section */

/* Begin PBXNativeTarget section */
		DD061D632A136F69003DFE73 /* Randomuser */ = {
			isa = PBXNativeTarget;
			buildConfigurationList = DD061D722A136F6B003DFE73 /* Build configuration list for PBXNativeTarget "Randomuser" */;
			buildPhases = (
				DD061D602A136F69003DFE73 /* Sources */,
				DD061D612A136F69003DFE73 /* Frameworks */,
				DD061D622A136F69003DFE73 /* Resources */,
			);
			buildRules = (
			);
			dependencies = (
			);
			name = Randomuser;
			packageProductDependencies = (
				DD061D792A1374B5003DFE73 /* Alamofire */,
				DD061D872A137D45003DFE73 /* SwiftyJSON */,
			);
			productName = Randomuser;
			productReference = DD061D642A136F69003DFE73 /* Randomuser.app */;
			productType = "com.apple.product-type.application";
		};
/* End PBXNativeTarget section */

/* Begin PBXProject section */
		DD061D5C2A136F69003DFE73 /* Project object */ = {
			isa = PBXProject;
			attributes = {
				BuildIndependentTargetsInParallel = 1;
				LastSwiftUpdateCheck = 1430;
				LastUpgradeCheck = 1430;
				TargetAttributes = {
					DD061D632A136F69003DFE73 = {
						CreatedOnToolsVersion = 14.3;
					};
				};
			};
			buildConfigurationList = DD061D5F2A136F69003DFE73 /* Build configuration list for PBXProject "Randomuser" */;
			compatibilityVersion = "Xcode 14.0";
			developmentRegion = en;
			hasScannedForEncodings = 0;
			knownRegions = (
				en,
				Base,
			);
			mainGroup = DD061D5B2A136F69003DFE73;
			packageReferences = (
				DD061D782A1374B4003DFE73 /* XCRemoteSwiftPackageReference "Alamofire" */,
				DD061D862A137D45003DFE73 /* XCRemoteSwiftPackageReference "SwiftyJSON" */,
			);
			productRefGroup = DD061D652A136F69003DFE73 /* Products */;
			projectDirPath = "";
			projectRoot = "";
			targets = (
				DD061D632A136F69003DFE73 /* Randomuser */,
			);
		};
/* End PBXProject section */

/* Begin PBXResourcesBuildPhase section */
		DD061D622A136F69003DFE73 /* Resources */ = {
			isa = PBXResourcesBuildPhase;
			buildActionMask = 2147483647;
			files = (
				DD061D6F2A136F6B003DFE73 /* Preview Assets.xcassets in Resources */,
				DD061D6C2A136F6B003DFE73 /* Assets.xcassets in Resources */,
			);
			runOnlyForDeploymentPostprocessing = 0;
		};
/* End PBXResourcesBuildPhase section */

/* Begin PBXSourcesBuildPhase section */
		DD061D602A136F69003DFE73 /* Sources */ = {
			isa = PBXSourcesBuildPhase;
			buildActionMask = 2147483647;
			files = (
				DD061D8A2A137E24003DFE73 /* ParsingService.swift in Sources */,
				DD061D7E2A137525003DFE73 /* NetworkServiceAF.swift in Sources */,
				DD061D8F2A14F545003DFE73 /* BigImageView.swift in Sources */,
				DD061D6A2A136F69003DFE73 /* PhotoView.swift in Sources */,
				DD061D9A2A16154C003DFE73 /* ConfirmationDialogElement.swift in Sources */,
				DD061D932A14F5A9003DFE73 /* BigImageViewModel.swift in Sources */,
				DD061D972A151779003DFE73 /* ProfileViewModel.swift in Sources */,
				DD061D832A13763A003DFE73 /* User.swift in Sources */,
				DD061D8C2A14AE34003DFE73 /* PhotoViewModel.swift in Sources */,
				DD061D682A136F69003DFE73 /* RandomuserApp.swift in Sources */,
				DD061D952A151756003DFE73 /* ProfileView.swift in Sources */,
				DD061D9C2A161902003DFE73 /* AlertElement.swift in Sources */,
			);
			runOnlyForDeploymentPostprocessing = 0;
		};
/* End PBXSourcesBuildPhase section */

/* Begin XCBuildConfiguration section */
		DD061D702A136F6B003DFE73 /* Debug */ = {
			isa = XCBuildConfiguration;
			buildSettings = {
				ALWAYS_SEARCH_USER_PATHS = NO;
				CLANG_ANALYZER_NONNULL = YES;
				CLANG_ANALYZER_NUMBER_OBJECT_CONVERSION = YES_AGGRESSIVE;
				CLANG_CXX_LANGUAGE_STANDARD = "gnu++20";
				CLANG_ENABLE_MODULES = YES;
				CLANG_ENABLE_OBJC_ARC = YES;
				CLANG_ENABLE_OBJC_WEAK = YES;
				CLANG_WARN_BLOCK_CAPTURE_AUTORELEASING = YES;
				CLANG_WARN_BOOL_CONVERSION = YES;
				CLANG_WARN_COMMA = YES;
				CLANG_WARN_CONSTANT_CONVERSION = YES;
				CLANG_WARN_DEPRECATED_OBJC_IMPLEMENTATIONS = YES;
				CLANG_WARN_DIRECT_OBJC_ISA_USAGE = YES_ERROR;
				CLANG_WARN_DOCUMENTATION_COMMENTS = YES;
				CLANG_WARN_EMPTY_BODY = YES;
				CLANG_WARN_ENUM_CONVERSION = YES;
				CLANG_WARN_INFINITE_RECURSION = YES;
				CLANG_WARN_INT_CONVERSION = YES;
				CLANG_WARN_NON_LITERAL_NULL_CONVERSION = YES;
				CLANG_WARN_OBJC_IMPLICIT_RETAIN_SELF = YES;
				CLANG_WARN_OBJC_LITERAL_CONVERSION = YES;
				CLANG_WARN_OBJC_ROOT_CLASS = YES_ERROR;
				CLANG_WARN_QUOTED_INCLUDE_IN_FRAMEWORK_HEADER = YES;
				CLANG_WARN_RANGE_LOOP_ANALYSIS = YES;
				CLANG_WARN_STRICT_PROTOTYPES = YES;
				CLANG_WARN_SUSPICIOUS_MOVE = YES;
				CLANG_WARN_UNGUARDED_AVAILABILITY = YES_AGGRESSIVE;
				CLANG_WARN_UNREACHABLE_CODE = YES;
				CLANG_WARN__DUPLICATE_METHOD_MATCH = YES;
				COPY_PHASE_STRIP = NO;
				DEBUG_INFORMATION_FORMAT = dwarf;
				ENABLE_STRICT_OBJC_MSGSEND = YES;
				ENABLE_TESTABILITY = YES;
				GCC_C_LANGUAGE_STANDARD = gnu11;
				GCC_DYNAMIC_NO_PIC = NO;
				GCC_NO_COMMON_BLOCKS = YES;
				GCC_OPTIMIZATION_LEVEL = 0;
				GCC_PREPROCESSOR_DEFINITIONS = (
					"DEBUG=1",
					"$(inherited)",
				);
				GCC_WARN_64_TO_32_BIT_CONVERSION = YES;
				GCC_WARN_ABOUT_RETURN_TYPE = YES_ERROR;
				GCC_WARN_UNDECLARED_SELECTOR = YES;
				GCC_WARN_UNINITIALIZED_AUTOS = YES_AGGRESSIVE;
				GCC_WARN_UNUSED_FUNCTION = YES;
				GCC_WARN_UNUSED_VARIABLE = YES;
				IPHONEOS_DEPLOYMENT_TARGET = 16.4;
				MTL_ENABLE_DEBUG_INFO = INCLUDE_SOURCE;
				MTL_FAST_MATH = YES;
				ONLY_ACTIVE_ARCH = YES;
				SDKROOT = iphoneos;
				SWIFT_ACTIVE_COMPILATION_CONDITIONS = DEBUG;
				SWIFT_OPTIMIZATION_LEVEL = "-Onone";
			};
			name = Debug;
		};
		DD061D712A136F6B003DFE73 /* Release */ = {
			isa = XCBuildConfiguration;
			buildSettings = {
				ALWAYS_SEARCH_USER_PATHS = NO;
				CLANG_ANALYZER_NONNULL = YES;
				CLANG_ANALYZER_NUMBER_OBJECT_CONVERSION = YES_AGGRESSIVE;
				CLANG_CXX_LANGUAGE_STANDARD = "gnu++20";
				CLANG_ENABLE_MODULES = YES;
				CLANG_ENABLE_OBJC_ARC = YES;
				CLANG_ENABLE_OBJC_WEAK = YES;
				CLANG_WARN_BLOCK_CAPTURE_AUTORELEASING = YES;
				CLANG_WARN_BOOL_CONVERSION = YES;
				CLANG_WARN_COMMA = YES;
				CLANG_WARN_CONSTANT_CONVERSION = YES;
				CLANG_WARN_DEPRECATED_OBJC_IMPLEMENTATIONS = YES;
				CLANG_WARN_DIRECT_OBJC_ISA_USAGE = YES_ERROR;
				CLANG_WARN_DOCUMENTATION_COMMENTS = YES;
				CLANG_WARN_EMPTY_BODY = YES;
				CLANG_WARN_ENUM_CONVERSION = YES;
				CLANG_WARN_INFINITE_RECURSION = YES;
				CLANG_WARN_INT_CONVERSION = YES;
				CLANG_WARN_NON_LITERAL_NULL_CONVERSION = YES;
				CLANG_WARN_OBJC_IMPLICIT_RETAIN_SELF = YES;
				CLANG_WARN_OBJC_LITERAL_CONVERSION = YES;
				CLANG_WARN_OBJC_ROOT_CLASS = YES_ERROR;
				CLANG_WARN_QUOTED_INCLUDE_IN_FRAMEWORK_HEADER = YES;
				CLANG_WARN_RANGE_LOOP_ANALYSIS = YES;
				CLANG_WARN_STRICT_PROTOTYPES = YES;
				CLANG_WARN_SUSPICIOUS_MOVE = YES;
				CLANG_WARN_UNGUARDED_AVAILABILITY = YES_AGGRESSIVE;
				CLANG_WARN_UNREACHABLE_CODE = YES;
				CLANG_WARN__DUPLICATE_METHOD_MATCH = YES;
				COPY_PHASE_STRIP = NO;
				DEBUG_INFORMATION_FORMAT = "dwarf-with-dsym";
				ENABLE_NS_ASSERTIONS = NO;
				ENABLE_STRICT_OBJC_MSGSEND = YES;
				GCC_C_LANGUAGE_STANDARD = gnu11;
				GCC_NO_COMMON_BLOCKS = YES;
				GCC_WARN_64_TO_32_BIT_CONVERSION = YES;
				GCC_WARN_ABOUT_RETURN_TYPE = YES_ERROR;
				GCC_WARN_UNDECLARED_SELECTOR = YES;
				GCC_WARN_UNINITIALIZED_AUTOS = YES_AGGRESSIVE;
				GCC_WARN_UNUSED_FUNCTION = YES;
				GCC_WARN_UNUSED_VARIABLE = YES;
				IPHONEOS_DEPLOYMENT_TARGET = 16.4;
				MTL_ENABLE_DEBUG_INFO = NO;
				MTL_FAST_MATH = YES;
				SDKROOT = iphoneos;
				SWIFT_COMPILATION_MODE = wholemodule;
				SWIFT_OPTIMIZATION_LEVEL = "-O";
				VALIDATE_PRODUCT = YES;
			};
			name = Release;
		};
		DD061D732A136F6B003DFE73 /* Debug */ = {
			isa = XCBuildConfiguration;
			buildSettings = {
				ASSETCATALOG_COMPILER_APPICON_NAME = AppIcon;
				ASSETCATALOG_COMPILER_GLOBAL_ACCENT_COLOR_NAME = AccentColor;
				CODE_SIGN_STYLE = Automatic;
				CURRENT_PROJECT_VERSION = 1;
				DEVELOPMENT_ASSET_PATHS = "\"Randomuser/Preview Content\"";
				DEVELOPMENT_TEAM = 62VLSN5H88;
				ENABLE_PREVIEWS = YES;
				GENERATE_INFOPLIST_FILE = YES;
				INFOPLIST_KEY_UIApplicationSceneManifest_Generation = YES;
				INFOPLIST_KEY_UIApplicationSupportsIndirectInputEvents = YES;
				INFOPLIST_KEY_UILaunchScreen_Generation = YES;
				INFOPLIST_KEY_UISupportedInterfaceOrientations_iPad = "UIInterfaceOrientationPortrait UIInterfaceOrientationPortraitUpsideDown UIInterfaceOrientationLandscapeLeft UIInterfaceOrientationLandscapeRight";
				INFOPLIST_KEY_UISupportedInterfaceOrientations_iPhone = "UIInterfaceOrientationPortrait UIInterfaceOrientationLandscapeLeft UIInterfaceOrientationLandscapeRight";
				LD_RUNPATH_SEARCH_PATHS = (
					"$(inherited)",
					"@executable_path/Frameworks",
				);
				MARKETING_VERSION = 1.0;
				PRODUCT_BUNDLE_IDENTIFIER = ru.deshab.Randomuser;
				PRODUCT_NAME = "$(TARGET_NAME)";
				SWIFT_EMIT_LOC_STRINGS = YES;
				SWIFT_VERSION = 5.0;
				TARGETED_DEVICE_FAMILY = "1,2";
			};
			name = Debug;
		};
		DD061D742A136F6B003DFE73 /* Release */ = {
			isa = XCBuildConfiguration;
			buildSettings = {
				ASSETCATALOG_COMPILER_APPICON_NAME = AppIcon;
				ASSETCATALOG_COMPILER_GLOBAL_ACCENT_COLOR_NAME = AccentColor;
				CODE_SIGN_STYLE = Automatic;
				CURRENT_PROJECT_VERSION = 1;
				DEVELOPMENT_ASSET_PATHS = "\"Randomuser/Preview Content\"";
				DEVELOPMENT_TEAM = 62VLSN5H88;
				ENABLE_PREVIEWS = YES;
				GENERATE_INFOPLIST_FILE = YES;
				INFOPLIST_KEY_UIApplicationSceneManifest_Generation = YES;
				INFOPLIST_KEY_UIApplicationSupportsIndirectInputEvents = YES;
				INFOPLIST_KEY_UILaunchScreen_Generation = YES;
				INFOPLIST_KEY_UISupportedInterfaceOrientations_iPad = "UIInterfaceOrientationPortrait UIInterfaceOrientationPortraitUpsideDown UIInterfaceOrientationLandscapeLeft UIInterfaceOrientationLandscapeRight";
				INFOPLIST_KEY_UISupportedInterfaceOrientations_iPhone = "UIInterfaceOrientationPortrait UIInterfaceOrientationLandscapeLeft UIInterfaceOrientationLandscapeRight";
				LD_RUNPATH_SEARCH_PATHS = (
					"$(inherited)",
					"@executable_path/Frameworks",
				);
				MARKETING_VERSION = 1.0;
				PRODUCT_BUNDLE_IDENTIFIER = ru.deshab.Randomuser;
				PRODUCT_NAME = "$(TARGET_NAME)";
				SWIFT_EMIT_LOC_STRINGS = YES;
				SWIFT_VERSION = 5.0;
				TARGETED_DEVICE_FAMILY = "1,2";
			};
			name = Release;
		};
/* End XCBuildConfiguration section */

/* Begin XCConfigurationList section */
		DD061D5F2A136F69003DFE73 /* Build configuration list for PBXProject "Randomuser" */ = {
			isa = XCConfigurationList;
			buildConfigurations = (
				DD061D702A136F6B003DFE73 /* Debug */,
				DD061D712A136F6B003DFE73 /* Release */,
			);
			defaultConfigurationIsVisible = 0;
			defaultConfigurationName = Release;
		};
		DD061D722A136F6B003DFE73 /* Build configuration list for PBXNativeTarget "Randomuser" */ = {
			isa = XCConfigurationList;
			buildConfigurations = (
				DD061D732A136F6B003DFE73 /* Debug */,
				DD061D742A136F6B003DFE73 /* Release */,
			);
			defaultConfigurationIsVisible = 0;
			defaultConfigurationName = Release;
		};
/* End XCConfigurationList section */

/* Begin XCRemoteSwiftPackageReference section */
		DD061D782A1374B4003DFE73 /* XCRemoteSwiftPackageReference "Alamofire" */ = {
			isa = XCRemoteSwiftPackageReference;
			repositoryURL = "https://github.com/Alamofire/Alamofire.git";
			requirement = {
				kind = upToNextMinorVersion;
				minimumVersion = 5.7.0;
			};
		};
		DD061D862A137D45003DFE73 /* XCRemoteSwiftPackageReference "SwiftyJSON" */ = {
			isa = XCRemoteSwiftPackageReference;
			repositoryURL = "https://github.com/SwiftyJSON/SwiftyJSON.git";
			requirement = {
				kind = upToNextMajorVersion;
				minimumVersion = 5.0.0;
			};
		};
/* End XCRemoteSwiftPackageReference section */

/* Begin XCSwiftPackageProductDependency section */
		DD061D792A1374B5003DFE73 /* Alamofire */ = {
			isa = XCSwiftPackageProductDependency;
			package = DD061D782A1374B4003DFE73 /* XCRemoteSwiftPackageReference "Alamofire" */;
			productName = Alamofire;
		};
		DD061D872A137D45003DFE73 /* SwiftyJSON */ = {
			isa = XCSwiftPackageProductDependency;
			package = DD061D862A137D45003DFE73 /* XCRemoteSwiftPackageReference "SwiftyJSON" */;
			productName = SwiftyJSON;
		};
/* End XCSwiftPackageProductDependency section */
	};
	rootObject = DD061D5C2A136F69003DFE73 /* Project object */;
}
